
Microsoft Visual Studio Solution File, Format Version 12.00
# Visual Studio Version 17
VisualStudioVersion = 17.6.33723.286
MinimumVisualStudioVersion = 10.0.40219.1
Project("{8BC9CEB8-8B4A-11D0-8D11-00A0C91BC942}") = "Week5", "Week5\Week5.vcxproj", "{A2E21FDE-3CD9-4F1F-B9D5-88BD9701C5A9}"
EndProject
Global
	GlobalSection(SolutionConfigurationPlatforms) = preSolution
		Debug|x64 = Debug|x64
		Debug|x86 = Debug|x86
		Release|x64 = Release|x64
		Release|x86 = Release|x86
	EndGlobalSection
	GlobalSection(ProjectConfigurationPlatforms) = postSolution
		{A2E21FDE-3CD9-4F1F-B9D5-88BD9701C5A9}.Debug|x64.ActiveCfg = Debug|x64
		{A2E21FDE-3CD9-4F1F-B9D5-88BD9701C5A9}.Debug|x64.Build.0 = Debug|x64
		{A2E21FDE-3CD9-4F1F-B9D5-88BD9701C5A9}.Debug|x86.ActiveCfg = Debug|Win32
		{A2E21FDE-3CD9-4F1F-B9D5-88BD9701C5A9}.Debug|x86.Build.0 = Debug|Win32
		{A2E21FDE-3CD9-4F1F-B9D5-88BD9701C5A9}.Release|x64.ActiveCfg = Release|x64
		{A2E21FDE-3CD9-4F1F-B9D5-88BD9701C5A9}.Release|x64.Build.0 = Release|x64
		{A2E21FDE-3CD9-4F1F-B9D5-88BD9701C5A9}.Release|x86.ActiveCfg = Release|Win32
		{A2E21FDE-3CD9-4F1F-B9D5-88BD9701C5A9}.Release|x86.Build.0 = Release|Win32
	EndGlobalSection
	GlobalSection(SolutionProperties) = preSolution
		HideSolutionNode = FALSE
	EndGlobalSection
	GlobalSection(ExtensibilityGlobals) = postSolution
		SolutionGuid = {E8033924-8AD7-4EF7-BA11-E654864A5C6B}
	EndGlobalSection
EndGlobal
